
Microsoft Visual Studio Solution File, Format Version 12.00
# Visual Studio Version 17
VisualStudioVersion = 17.11.35303.130
MinimumVisualStudioVersion = 10.0.40219.1
Project("{FAE04EC0-301F-11D3-BF4B-00C04F79EFBC}") = "Rock Paper Scissors Game", "Rock Paper Scissors Game\Rock Paper Scissors Game.csproj", "{C970418C-E26E-49DA-85E6-5B7A7A84709C}"
EndProject
Global
	GlobalSection(SolutionConfigurationPlatforms) = preSolution
		Debug|Any CPU = Debug|Any CPU
		Release|Any CPU = Release|Any CPU
	EndGlobalSection
	GlobalSection(ProjectConfigurationPlatforms) = postSolution
		{C970418C-E26E-49DA-85E6-5B7A7A84709C}.Debug|Any CPU.ActiveCfg = Debug|Any CPU
		{C970418C-E26E-49DA-85E6-5B7A7A84709C}.Debug|Any CPU.Build.0 = Debug|Any CPU
		{C970418C-E26E-49DA-85E6-5B7A7A84709C}.Release|Any CPU.ActiveCfg = Release|Any CPU
		{C970418C-E26E-49DA-85E6-5B7A7A84709C}.Release|Any CPU.Build.0 = Release|Any CPU
	EndGlobalSection
	GlobalSection(SolutionProperties) = preSolution
		HideSolutionNode = FALSE
	EndGlobalSection
	GlobalSection(ExtensibilityGlobals) = postSolution
		SolutionGuid = {8020B19D-7DF7-4FB3-B653-03F078455636}
	EndGlobalSection
EndGlobal
