
Microsoft Visual Studio Solution File, Format Version 12.00
# Visual Studio Version 17
VisualStudioVersion = 17.11.35303.130
MinimumVisualStudioVersion = 10.0.40219.1
Project("{FAE04EC0-301F-11D3-BF4B-00C04F79EFBC}") = "output", "output\output.csproj", "{99822494-46CC-4639-8088-C5A16B4A0277}"
EndProject
Global
	GlobalSection(SolutionConfigurationPlatforms) = preSolution
		Debug|Any CPU = Debug|Any CPU
		Release|Any CPU = Release|Any CPU
	EndGlobalSection
	GlobalSection(ProjectConfigurationPlatforms) = postSolution
		{99822494-46CC-4639-8088-C5A16B4A0277}.Debug|Any CPU.ActiveCfg = Debug|Any CPU
		{99822494-46CC-4639-8088-C5A16B4A0277}.Debug|Any CPU.Build.0 = Debug|Any CPU
		{99822494-46CC-4639-8088-C5A16B4A0277}.Release|Any CPU.ActiveCfg = Release|Any CPU
		{99822494-46CC-4639-8088-C5A16B4A0277}.Release|Any CPU.Build.0 = Release|Any CPU
	EndGlobalSection
	GlobalSection(SolutionProperties) = preSolution
		HideSolutionNode = FALSE
	EndGlobalSection
	GlobalSection(ExtensibilityGlobals) = postSolution
		SolutionGuid = {C2E829BE-0E76-491D-BAB0-83AB674A8C78}
	EndGlobalSection
EndGlobal
