
Microsoft Visual Studio Solution File, Format Version 12.00
# Visual Studio Version 17
VisualStudioVersion = 17.11.35303.130
MinimumVisualStudioVersion = 10.0.40219.1
Project("{FAE04EC0-301F-11D3-BF4B-00C04F79EFBC}") = "Method Overriding", "Method Overriding\Method Overriding.csproj", "{181692A1-1E38-4D80-A35F-1FA51662D708}"
EndProject
Global
	GlobalSection(SolutionConfigurationPlatforms) = preSolution
		Debug|Any CPU = Debug|Any CPU
		Release|Any CPU = Release|Any CPU
	EndGlobalSection
	GlobalSection(ProjectConfigurationPlatforms) = postSolution
		{181692A1-1E38-4D80-A35F-1FA51662D708}.Debug|Any CPU.ActiveCfg = Debug|Any CPU
		{181692A1-1E38-4D80-A35F-1FA51662D708}.Debug|Any CPU.Build.0 = Debug|Any CPU
		{181692A1-1E38-4D80-A35F-1FA51662D708}.Release|Any CPU.ActiveCfg = Release|Any CPU
		{181692A1-1E38-4D80-A35F-1FA51662D708}.Release|Any CPU.Build.0 = Release|Any CPU
	EndGlobalSection
	GlobalSection(SolutionProperties) = preSolution
		HideSolutionNode = FALSE
	EndGlobalSection
	GlobalSection(ExtensibilityGlobals) = postSolution
		SolutionGuid = {9CECF305-02EA-4826-BF43-D8A8DA682625}
	EndGlobalSection
EndGlobal
