
Microsoft Visual Studio Solution File, Format Version 12.00
# Visual Studio Version 17
VisualStudioVersion = 17.11.35303.130
MinimumVisualStudioVersion = 10.0.40219.1
Project("{FAE04EC0-301F-11D3-BF4B-00C04F79EFBC}") = "For loop", "For loop\For loop.csproj", "{10AAA87A-33C4-46EB-99DB-4BAAB403E44D}"
EndProject
Global
	GlobalSection(SolutionConfigurationPlatforms) = preSolution
		Debug|Any CPU = Debug|Any CPU
		Release|Any CPU = Release|Any CPU
	EndGlobalSection
	GlobalSection(ProjectConfigurationPlatforms) = postSolution
		{10AAA87A-33C4-46EB-99DB-4BAAB403E44D}.Debug|Any CPU.ActiveCfg = Debug|Any CPU
		{10AAA87A-33C4-46EB-99DB-4BAAB403E44D}.Debug|Any CPU.Build.0 = Debug|Any CPU
		{10AAA87A-33C4-46EB-99DB-4BAAB403E44D}.Release|Any CPU.ActiveCfg = Release|Any CPU
		{10AAA87A-33C4-46EB-99DB-4BAAB403E44D}.Release|Any CPU.Build.0 = Release|Any CPU
	EndGlobalSection
	GlobalSection(SolutionProperties) = preSolution
		HideSolutionNode = FALSE
	EndGlobalSection
	GlobalSection(ExtensibilityGlobals) = postSolution
		SolutionGuid = {E0683028-C75F-4CBD-93E5-F9585AFA4837}
	EndGlobalSection
EndGlobal
