
Microsoft Visual Studio Solution File, Format Version 12.00
# Visual Studio Version 17
VisualStudioVersion = 17.11.35303.130
MinimumVisualStudioVersion = 10.0.40219.1
Project("{FAE04EC0-301F-11D3-BF4B-00C04F79EFBC}") = "Number guessing game", "Number guessing game\Number guessing game.csproj", "{47BD0BDA-BF5D-4788-8E0E-ABC8FA9DDE7D}"
EndProject
Global
	GlobalSection(SolutionConfigurationPlatforms) = preSolution
		Debug|Any CPU = Debug|Any CPU
		Release|Any CPU = Release|Any CPU
	EndGlobalSection
	GlobalSection(ProjectConfigurationPlatforms) = postSolution
		{47BD0BDA-BF5D-4788-8E0E-ABC8FA9DDE7D}.Debug|Any CPU.ActiveCfg = Debug|Any CPU
		{47BD0BDA-BF5D-4788-8E0E-ABC8FA9DDE7D}.Debug|Any CPU.Build.0 = Debug|Any CPU
		{47BD0BDA-BF5D-4788-8E0E-ABC8FA9DDE7D}.Release|Any CPU.ActiveCfg = Release|Any CPU
		{47BD0BDA-BF5D-4788-8E0E-ABC8FA9DDE7D}.Release|Any CPU.Build.0 = Release|Any CPU
	EndGlobalSection
	GlobalSection(SolutionProperties) = preSolution
		HideSolutionNode = FALSE
	EndGlobalSection
	GlobalSection(ExtensibilityGlobals) = postSolution
		SolutionGuid = {9ED594D9-8A05-4596-95DB-955B9CC0B295}
	EndGlobalSection
EndGlobal
