
Microsoft Visual Studio Solution File, Format Version 12.00
# Visual Studio Version 17
VisualStudioVersion = 17.11.35303.130
MinimumVisualStudioVersion = 10.0.40219.1
Project("{FAE04EC0-301F-11D3-BF4B-00C04F79EFBC}") = "Static Class", "Static Class\Static Class.csproj", "{A41BA529-6B78-45D3-B5BC-86FD9B0BC55E}"
EndProject
Global
	GlobalSection(SolutionConfigurationPlatforms) = preSolution
		Debug|Any CPU = Debug|Any CPU
		Release|Any CPU = Release|Any CPU
	EndGlobalSection
	GlobalSection(ProjectConfigurationPlatforms) = postSolution
		{A41BA529-6B78-45D3-B5BC-86FD9B0BC55E}.Debug|Any CPU.ActiveCfg = Debug|Any CPU
		{A41BA529-6B78-45D3-B5BC-86FD9B0BC55E}.Debug|Any CPU.Build.0 = Debug|Any CPU
		{A41BA529-6B78-45D3-B5BC-86FD9B0BC55E}.Release|Any CPU.ActiveCfg = Release|Any CPU
		{A41BA529-6B78-45D3-B5BC-86FD9B0BC55E}.Release|Any CPU.Build.0 = Release|Any CPU
	EndGlobalSection
	GlobalSection(SolutionProperties) = preSolution
		HideSolutionNode = FALSE
	EndGlobalSection
	GlobalSection(ExtensibilityGlobals) = postSolution
		SolutionGuid = {BC7488A2-7E0C-45D0-A5C6-3809F4A6EC57}
	EndGlobalSection
EndGlobal
