
Microsoft Visual Studio Solution File, Format Version 12.00
# Visual Studio Version 17
VisualStudioVersion = 17.11.35303.130
MinimumVisualStudioVersion = 10.0.40219.1
Project("{FAE04EC0-301F-11D3-BF4B-00C04F79EFBC}") = "Logical Operators", "Logical Operators\Logical Operators.csproj", "{7E6DA0F2-AE14-4801-8D44-654A108C5318}"
EndProject
Global
	GlobalSection(SolutionConfigurationPlatforms) = preSolution
		Debug|Any CPU = Debug|Any CPU
		Release|Any CPU = Release|Any CPU
	EndGlobalSection
	GlobalSection(ProjectConfigurationPlatforms) = postSolution
		{7E6DA0F2-AE14-4801-8D44-654A108C5318}.Debug|Any CPU.ActiveCfg = Debug|Any CPU
		{7E6DA0F2-AE14-4801-8D44-654A108C5318}.Debug|Any CPU.Build.0 = Debug|Any CPU
		{7E6DA0F2-AE14-4801-8D44-654A108C5318}.Release|Any CPU.ActiveCfg = Release|Any CPU
		{7E6DA0F2-AE14-4801-8D44-654A108C5318}.Release|Any CPU.Build.0 = Release|Any CPU
	EndGlobalSection
	GlobalSection(SolutionProperties) = preSolution
		HideSolutionNode = FALSE
	EndGlobalSection
	GlobalSection(ExtensibilityGlobals) = postSolution
		SolutionGuid = {79707A27-D566-4C6B-AC87-1F330322BE0D}
	EndGlobalSection
EndGlobal
