
Microsoft Visual Studio Solution File, Format Version 12.00
# Visual Studio Version 17
VisualStudioVersion = 17.11.35303.130
MinimumVisualStudioVersion = 10.0.40219.1
Project("{FAE04EC0-301F-11D3-BF4B-00C04F79EFBC}") = "Random Number", "Random Number\Random Number.csproj", "{9C773EB9-34C1-486F-BA73-6F8392AFC111}"
EndProject
Global
	GlobalSection(SolutionConfigurationPlatforms) = preSolution
		Debug|Any CPU = Debug|Any CPU
		Release|Any CPU = Release|Any CPU
	EndGlobalSection
	GlobalSection(ProjectConfigurationPlatforms) = postSolution
		{9C773EB9-34C1-486F-BA73-6F8392AFC111}.Debug|Any CPU.ActiveCfg = Debug|Any CPU
		{9C773EB9-34C1-486F-BA73-6F8392AFC111}.Debug|Any CPU.Build.0 = Debug|Any CPU
		{9C773EB9-34C1-486F-BA73-6F8392AFC111}.Release|Any CPU.ActiveCfg = Release|Any CPU
		{9C773EB9-34C1-486F-BA73-6F8392AFC111}.Release|Any CPU.Build.0 = Release|Any CPU
	EndGlobalSection
	GlobalSection(SolutionProperties) = preSolution
		HideSolutionNode = FALSE
	EndGlobalSection
	GlobalSection(ExtensibilityGlobals) = postSolution
		SolutionGuid = {F563EEA1-9A98-4290-B3A0-1FAE9E023EFD}
	EndGlobalSection
EndGlobal
