
Microsoft Visual Studio Solution File, Format Version 12.00
# Visual Studio Version 17
VisualStudioVersion = 17.11.35303.130
MinimumVisualStudioVersion = 10.0.40219.1
Project("{FAE04EC0-301F-11D3-BF4B-00C04F79EFBC}") = "String Methods", "String Methods\String Methods.csproj", "{E8269DC5-2B91-4E44-A4E5-0EE93CAB51E1}"
EndProject
Global
	GlobalSection(SolutionConfigurationPlatforms) = preSolution
		Debug|Any CPU = Debug|Any CPU
		Release|Any CPU = Release|Any CPU
	EndGlobalSection
	GlobalSection(ProjectConfigurationPlatforms) = postSolution
		{E8269DC5-2B91-4E44-A4E5-0EE93CAB51E1}.Debug|Any CPU.ActiveCfg = Debug|Any CPU
		{E8269DC5-2B91-4E44-A4E5-0EE93CAB51E1}.Debug|Any CPU.Build.0 = Debug|Any CPU
		{E8269DC5-2B91-4E44-A4E5-0EE93CAB51E1}.Release|Any CPU.ActiveCfg = Release|Any CPU
		{E8269DC5-2B91-4E44-A4E5-0EE93CAB51E1}.Release|Any CPU.Build.0 = Release|Any CPU
	EndGlobalSection
	GlobalSection(SolutionProperties) = preSolution
		HideSolutionNode = FALSE
	EndGlobalSection
	GlobalSection(ExtensibilityGlobals) = postSolution
		SolutionGuid = {A71884D2-5543-47FB-9AE7-C0AECFD4F211}
	EndGlobalSection
EndGlobal
