
Microsoft Visual Studio Solution File, Format Version 12.00
# Visual Studio Version 17
VisualStudioVersion = 17.11.35303.130
MinimumVisualStudioVersion = 10.0.40219.1
Project("{FAE04EC0-301F-11D3-BF4B-00C04F79EFBC}") = "If Statements", "If Statements\If Statements.csproj", "{F5DDE9EC-3342-45EC-86A9-DF828F5B23C7}"
EndProject
Global
	GlobalSection(SolutionConfigurationPlatforms) = preSolution
		Debug|Any CPU = Debug|Any CPU
		Release|Any CPU = Release|Any CPU
	EndGlobalSection
	GlobalSection(ProjectConfigurationPlatforms) = postSolution
		{F5DDE9EC-3342-45EC-86A9-DF828F5B23C7}.Debug|Any CPU.ActiveCfg = Debug|Any CPU
		{F5DDE9EC-3342-45EC-86A9-DF828F5B23C7}.Debug|Any CPU.Build.0 = Debug|Any CPU
		{F5DDE9EC-3342-45EC-86A9-DF828F5B23C7}.Release|Any CPU.ActiveCfg = Release|Any CPU
		{F5DDE9EC-3342-45EC-86A9-DF828F5B23C7}.Release|Any CPU.Build.0 = Release|Any CPU
	EndGlobalSection
	GlobalSection(SolutionProperties) = preSolution
		HideSolutionNode = FALSE
	EndGlobalSection
	GlobalSection(ExtensibilityGlobals) = postSolution
		SolutionGuid = {CE9C5076-4CD3-4800-8F9C-E4A41C740116}
	EndGlobalSection
EndGlobal
