
Microsoft Visual Studio Solution File, Format Version 12.00
# Visual Studio Version 17
VisualStudioVersion = 17.11.35303.130
MinimumVisualStudioVersion = 10.0.40219.1
Project("{FAE04EC0-301F-11D3-BF4B-00C04F79EFBC}") = "Opp All In One", "Opp All In One\Opp All In One.csproj", "{506F82A2-D4E6-4D82-BC0E-3ACCA86819C2}"
EndProject
Global
	GlobalSection(SolutionConfigurationPlatforms) = preSolution
		Debug|Any CPU = Debug|Any CPU
		Release|Any CPU = Release|Any CPU
	EndGlobalSection
	GlobalSection(ProjectConfigurationPlatforms) = postSolution
		{506F82A2-D4E6-4D82-BC0E-3ACCA86819C2}.Debug|Any CPU.ActiveCfg = Debug|Any CPU
		{506F82A2-D4E6-4D82-BC0E-3ACCA86819C2}.Debug|Any CPU.Build.0 = Debug|Any CPU
		{506F82A2-D4E6-4D82-BC0E-3ACCA86819C2}.Release|Any CPU.ActiveCfg = Release|Any CPU
		{506F82A2-D4E6-4D82-BC0E-3ACCA86819C2}.Release|Any CPU.Build.0 = Release|Any CPU
	EndGlobalSection
	GlobalSection(SolutionProperties) = preSolution
		HideSolutionNode = FALSE
	EndGlobalSection
	GlobalSection(ExtensibilityGlobals) = postSolution
		SolutionGuid = {10853581-BB1B-4317-B060-422DFEB3C122}
	EndGlobalSection
EndGlobal
