
Microsoft Visual Studio Solution File, Format Version 12.00
# Visual Studio Version 17
VisualStudioVersion = 17.11.35303.130
MinimumVisualStudioVersion = 10.0.40219.1
Project("{FAE04EC0-301F-11D3-BF4B-00C04F79EFBC}") = "Set Get Methods", "Set Get Methods\Set Get Methods.csproj", "{EDA82C2F-B6DF-4A2F-B97A-6CA9DB54F520}"
EndProject
Global
	GlobalSection(SolutionConfigurationPlatforms) = preSolution
		Debug|Any CPU = Debug|Any CPU
		Release|Any CPU = Release|Any CPU
	EndGlobalSection
	GlobalSection(ProjectConfigurationPlatforms) = postSolution
		{EDA82C2F-B6DF-4A2F-B97A-6CA9DB54F520}.Debug|Any CPU.ActiveCfg = Debug|Any CPU
		{EDA82C2F-B6DF-4A2F-B97A-6CA9DB54F520}.Debug|Any CPU.Build.0 = Debug|Any CPU
		{EDA82C2F-B6DF-4A2F-B97A-6CA9DB54F520}.Release|Any CPU.ActiveCfg = Release|Any CPU
		{EDA82C2F-B6DF-4A2F-B97A-6CA9DB54F520}.Release|Any CPU.Build.0 = Release|Any CPU
	EndGlobalSection
	GlobalSection(SolutionProperties) = preSolution
		HideSolutionNode = FALSE
	EndGlobalSection
	GlobalSection(ExtensibilityGlobals) = postSolution
		SolutionGuid = {7135D1D9-449A-46C2-B412-6A3483AEA4BF}
	EndGlobalSection
EndGlobal
