
Microsoft Visual Studio Solution File, Format Version 12.00
# Visual Studio Version 17
VisualStudioVersion = 17.11.35303.130
MinimumVisualStudioVersion = 10.0.40219.1
Project("{FAE04EC0-301F-11D3-BF4B-00C04F79EFBC}") = "Params Keywords", "Params Keywords\Params Keywords.csproj", "{475BE395-E0C1-4213-BB8F-8F42B1869443}"
EndProject
Global
	GlobalSection(SolutionConfigurationPlatforms) = preSolution
		Debug|Any CPU = Debug|Any CPU
		Release|Any CPU = Release|Any CPU
	EndGlobalSection
	GlobalSection(ProjectConfigurationPlatforms) = postSolution
		{475BE395-E0C1-4213-BB8F-8F42B1869443}.Debug|Any CPU.ActiveCfg = Debug|Any CPU
		{475BE395-E0C1-4213-BB8F-8F42B1869443}.Debug|Any CPU.Build.0 = Debug|Any CPU
		{475BE395-E0C1-4213-BB8F-8F42B1869443}.Release|Any CPU.ActiveCfg = Release|Any CPU
		{475BE395-E0C1-4213-BB8F-8F42B1869443}.Release|Any CPU.Build.0 = Release|Any CPU
	EndGlobalSection
	GlobalSection(SolutionProperties) = preSolution
		HideSolutionNode = FALSE
	EndGlobalSection
	GlobalSection(ExtensibilityGlobals) = postSolution
		SolutionGuid = {B4B03DA9-A311-4386-9A01-DB3BC588CFF5}
	EndGlobalSection
EndGlobal
