
Microsoft Visual Studio Solution File, Format Version 12.00
# Visual Studio Version 17
VisualStudioVersion = 17.11.35303.130
MinimumVisualStudioVersion = 10.0.40219.1
Project("{FAE04EC0-301F-11D3-BF4B-00C04F79EFBC}") = "While loop", "While loop\While loop.csproj", "{E5934A8D-3887-4733-8D25-33128153FE49}"
EndProject
Global
	GlobalSection(SolutionConfigurationPlatforms) = preSolution
		Debug|Any CPU = Debug|Any CPU
		Release|Any CPU = Release|Any CPU
	EndGlobalSection
	GlobalSection(ProjectConfigurationPlatforms) = postSolution
		{E5934A8D-3887-4733-8D25-33128153FE49}.Debug|Any CPU.ActiveCfg = Debug|Any CPU
		{E5934A8D-3887-4733-8D25-33128153FE49}.Debug|Any CPU.Build.0 = Debug|Any CPU
		{E5934A8D-3887-4733-8D25-33128153FE49}.Release|Any CPU.ActiveCfg = Release|Any CPU
		{E5934A8D-3887-4733-8D25-33128153FE49}.Release|Any CPU.Build.0 = Release|Any CPU
	EndGlobalSection
	GlobalSection(SolutionProperties) = preSolution
		HideSolutionNode = FALSE
	EndGlobalSection
	GlobalSection(ExtensibilityGlobals) = postSolution
		SolutionGuid = {B044D233-385F-485A-AEE0-4974B2C0768C}
	EndGlobalSection
EndGlobal
